// !$*UTF8*$!
{
	archiveVersion = 1;
	classes = {
	};
	objectVersion = 56;
	objects = {

/* Begin PBXBuildFile section */
		5D91646229BDB5A600AC00AC /* SwiftUI_MVPByPokemonApp.swift in Sources */ = {isa = PBXBuildFile; fileRef = 5D91646129BDB5A600AC00AC /* SwiftUI_MVPByPokemonApp.swift */; };
		5D91646429BDB5A600AC00AC /* ContentView.swift in Sources */ = {isa = PBXBuildFile; fileRef = 5D91646329BDB5A600AC00AC /* ContentView.swift */; };
		5D91646629BDB5A800AC00AC /* Assets.xcassets in Resources */ = {isa = PBXBuildFile; fileRef = 5D91646529BDB5A800AC00AC /* Assets.xcassets */; };
		5D91646929BDB5A800AC00AC /* Preview Assets.xcassets in Resources */ = {isa = PBXBuildFile; fileRef = 5D91646829BDB5A800AC00AC /* Preview Assets.xcassets */; };
		5D91647329BDB5A800AC00AC /* SwiftUI_MVPByPokemonTests.swift in Sources */ = {isa = PBXBuildFile; fileRef = 5D91647229BDB5A800AC00AC /* SwiftUI_MVPByPokemonTests.swift */; };
		5D91647D29BDB5A800AC00AC /* SwiftUI_MVPByPokemonUITests.swift in Sources */ = {isa = PBXBuildFile; fileRef = 5D91647C29BDB5A800AC00AC /* SwiftUI_MVPByPokemonUITests.swift */; };
		5D91647F29BDB5A800AC00AC /* SwiftUI_MVPByPokemonUITestsLaunchTests.swift in Sources */ = {isa = PBXBuildFile; fileRef = 5D91647E29BDB5A800AC00AC /* SwiftUI_MVPByPokemonUITestsLaunchTests.swift */; };
		5D91648F29BDB61900AC00AC /* PokemonListUseCase.swift in Sources */ = {isa = PBXBuildFile; fileRef = 5D91648E29BDB61800AC00AC /* PokemonListUseCase.swift */; };
		5D91649229BDB63200AC00AC /* PokemonListPresenter.swift in Sources */ = {isa = PBXBuildFile; fileRef = 5D91649129BDB63200AC00AC /* PokemonListPresenter.swift */; };
		5D91649429BDB73500AC00AC /* PokemonListDataStore.swift in Sources */ = {isa = PBXBuildFile; fileRef = 5D91649329BDB73500AC00AC /* PokemonListDataStore.swift */; };
		5D91649629BDB7D100AC00AC /* Pokemon.swift in Sources */ = {isa = PBXBuildFile; fileRef = 5D91649529BDB7D100AC00AC /* Pokemon.swift */; };
/* End PBXBuildFile section */

/* Begin PBXContainerItemProxy section */
		5D91646F29BDB5A800AC00AC /* PBXContainerItemProxy */ = {
			isa = PBXContainerItemProxy;
			containerPortal = 5D91645629BDB5A600AC00AC /* Project object */;
			proxyType = 1;
			remoteGlobalIDString = 5D91645D29BDB5A600AC00AC;
			remoteInfo = "SwiftUI+MVPByPokemon";
		};
		5D91647929BDB5A800AC00AC /* PBXContainerItemProxy */ = {
			isa = PBXContainerItemProxy;
			containerPortal = 5D91645629BDB5A600AC00AC /* Project object */;
			proxyType = 1;
			remoteGlobalIDString = 5D91645D29BDB5A600AC00AC;
			remoteInfo = "SwiftUI+MVPByPokemon";
		};
/* End PBXContainerItemProxy section */

/* Begin PBXFileReference section */
		5D91645E29BDB5A600AC00AC /* SwiftUI+MVPByPokemon.app */ = {isa = PBXFileReference; explicitFileType = wrapper.application; includeInIndex = 0; path = "SwiftUI+MVPByPokemon.app"; sourceTree = BUILT_PRODUCTS_DIR; };
		5D91646129BDB5A600AC00AC /* SwiftUI_MVPByPokemonApp.swift */ = {isa = PBXFileReference; lastKnownFileType = sourcecode.swift; path = SwiftUI_MVPByPokemonApp.swift; sourceTree = "<group>"; };
		5D91646329BDB5A600AC00AC /* ContentView.swift */ = {isa = PBXFileReference; lastKnownFileType = sourcecode.swift; path = ContentView.swift; sourceTree = "<group>"; };
		5D91646529BDB5A800AC00AC /* Assets.xcassets */ = {isa = PBXFileReference; lastKnownFileType = folder.assetcatalog; path = Assets.xcassets; sourceTree = "<group>"; };
		5D91646829BDB5A800AC00AC /* Preview Assets.xcassets */ = {isa = PBXFileReference; lastKnownFileType = folder.assetcatalog; path = "Preview Assets.xcassets"; sourceTree = "<group>"; };
		5D91646E29BDB5A800AC00AC /* SwiftUI+MVPByPokemonTests.xctest */ = {isa = PBXFileReference; explicitFileType = wrapper.cfbundle; includeInIndex = 0; path = "SwiftUI+MVPByPokemonTests.xctest"; sourceTree = BUILT_PRODUCTS_DIR; };
		5D91647229BDB5A800AC00AC /* SwiftUI_MVPByPokemonTests.swift */ = {isa = PBXFileReference; lastKnownFileType = sourcecode.swift; path = SwiftUI_MVPByPokemonTests.swift; sourceTree = "<group>"; };
		5D91647829BDB5A800AC00AC /* SwiftUI+MVPByPokemonUITests.xctest */ = {isa = PBXFileReference; explicitFileType = wrapper.cfbundle; includeInIndex = 0; path = "SwiftUI+MVPByPokemonUITests.xctest"; sourceTree = BUILT_PRODUCTS_DIR; };
		5D91647C29BDB5A800AC00AC /* SwiftUI_MVPByPokemonUITests.swift */ = {isa = PBXFileReference; lastKnownFileType = sourcecode.swift; path = SwiftUI_MVPByPokemonUITests.swift; sourceTree = "<group>"; };
		5D91647E29BDB5A800AC00AC /* SwiftUI_MVPByPokemonUITestsLaunchTests.swift */ = {isa = PBXFileReference; lastKnownFileType = sourcecode.swift; path = SwiftUI_MVPByPokemonUITestsLaunchTests.swift; sourceTree = "<group>"; };
		5D91648E29BDB61800AC00AC /* PokemonListUseCase.swift */ = {isa = PBXFileReference; lastKnownFileType = sourcecode.swift; path = PokemonListUseCase.swift; sourceTree = "<group>"; };
		5D91649129BDB63200AC00AC /* PokemonListPresenter.swift */ = {isa = PBXFileReference; lastKnownFileType = sourcecode.swift; path = PokemonListPresenter.swift; sourceTree = "<group>"; };
		5D91649329BDB73500AC00AC /* PokemonListDataStore.swift */ = {isa = PBXFileReference; lastKnownFileType = sourcecode.swift; path = PokemonListDataStore.swift; sourceTree = "<group>"; };
		5D91649529BDB7D100AC00AC /* Pokemon.swift */ = {isa = PBXFileReference; lastKnownFileType = sourcecode.swift; path = Pokemon.swift; sourceTree = "<group>"; };
/* End PBXFileReference section */

/* Begin PBXFrameworksBuildPhase section */
		5D91645B29BDB5A600AC00AC /* Frameworks */ = {
			isa = PBXFrameworksBuildPhase;
			buildActionMask = 2147483647;
			files = (
			);
			runOnlyForDeploymentPostprocessing = 0;
		};
		5D91646B29BDB5A800AC00AC /* Frameworks */ = {
			isa = PBXFrameworksBuildPhase;
			buildActionMask = 2147483647;
			files = (
			);
			runOnlyForDeploymentPostprocessing = 0;
		};
		5D91647529BDB5A800AC00AC /* Frameworks */ = {
			isa = PBXFrameworksBuildPhase;
			buildActionMask = 2147483647;
			files = (
			);
			runOnlyForDeploymentPostprocessing = 0;
		};
/* End PBXFrameworksBuildPhase section */

/* Begin PBXGroup section */
		5D91645529BDB5A600AC00AC = {
			isa = PBXGroup;
			children = (
				5D91646029BDB5A600AC00AC /* SwiftUI+MVPByPokemon */,
				5D91647129BDB5A800AC00AC /* SwiftUI+MVPByPokemonTests */,
				5D91647B29BDB5A800AC00AC /* SwiftUI+MVPByPokemonUITests */,
				5D91645F29BDB5A600AC00AC /* Products */,
			);
			sourceTree = "<group>";
		};
		5D91645F29BDB5A600AC00AC /* Products */ = {
			isa = PBXGroup;
			children = (
				5D91645E29BDB5A600AC00AC /* SwiftUI+MVPByPokemon.app */,
				5D91646E29BDB5A800AC00AC /* SwiftUI+MVPByPokemonTests.xctest */,
				5D91647829BDB5A800AC00AC /* SwiftUI+MVPByPokemonUITests.xctest */,
			);
			name = Products;
			sourceTree = "<group>";
		};
		5D91646029BDB5A600AC00AC /* SwiftUI+MVPByPokemon */ = {
			isa = PBXGroup;
			children = (
				5D91649929BDB88A00AC00AC /* Application */,
				5D91649729BDB85B00AC00AC /* Domain */,
				5D91648D29BDB5FA00AC00AC /* Data */,
				5D91649829BDB87000AC00AC /* Presentation */,
				5D91646729BDB5A800AC00AC /* Preview Content */,
			);
			path = "SwiftUI+MVPByPokemon";
			sourceTree = "<group>";
		};
		5D91646729BDB5A800AC00AC /* Preview Content */ = {
			isa = PBXGroup;
			children = (
				5D91646829BDB5A800AC00AC /* Preview Assets.xcassets */,
			);
			path = "Preview Content";
			sourceTree = "<group>";
		};
		5D91647129BDB5A800AC00AC /* SwiftUI+MVPByPokemonTests */ = {
			isa = PBXGroup;
			children = (
				5D91647229BDB5A800AC00AC /* SwiftUI_MVPByPokemonTests.swift */,
			);
			path = "SwiftUI+MVPByPokemonTests";
			sourceTree = "<group>";
		};
		5D91647B29BDB5A800AC00AC /* SwiftUI+MVPByPokemonUITests */ = {
			isa = PBXGroup;
			children = (
				5D91647C29BDB5A800AC00AC /* SwiftUI_MVPByPokemonUITests.swift */,
				5D91647E29BDB5A800AC00AC /* SwiftUI_MVPByPokemonUITestsLaunchTests.swift */,
			);
			path = "SwiftUI+MVPByPokemonUITests";
			sourceTree = "<group>";
		};
		5D91648B29BDB5CF00AC00AC /* PokemonList */ = {
			isa = PBXGroup;
			children = (
				5D91649329BDB73500AC00AC /* PokemonListDataStore.swift */,
				5D91649529BDB7D100AC00AC /* Pokemon.swift */,
			);
			path = PokemonList;
			sourceTree = "<group>";
		};
		5D91648C29BDB5EE00AC00AC /* UseCase */ = {
			isa = PBXGroup;
			children = (
				5D91648E29BDB61800AC00AC /* PokemonListUseCase.swift */,
			);
			path = UseCase;
			sourceTree = "<group>";
		};
		5D91648D29BDB5FA00AC00AC /* Data */ = {
			isa = PBXGroup;
			children = (
				5D91648B29BDB5CF00AC00AC /* PokemonList */,
			);
			path = Data;
			sourceTree = "<group>";
		};
		5D91649029BDB62000AC00AC /* Presenter */ = {
			isa = PBXGroup;
			children = (
				5D91649129BDB63200AC00AC /* PokemonListPresenter.swift */,
			);
			path = Presenter;
			sourceTree = "<group>";
		};
		5D91649729BDB85B00AC00AC /* Domain */ = {
			isa = PBXGroup;
			children = (
				5D91648C29BDB5EE00AC00AC /* UseCase */,
			);
			path = Domain;
			sourceTree = "<group>";
		};
		5D91649829BDB87000AC00AC /* Presentation */ = {
			isa = PBXGroup;
			children = (
				5D91649029BDB62000AC00AC /* Presenter */,
				5D91649A29BDB8A600AC00AC /* UI */,
			);
			path = Presentation;
			sourceTree = "<group>";
		};
		5D91649929BDB88A00AC00AC /* Application */ = {
			isa = PBXGroup;
			children = (
				5D91646529BDB5A800AC00AC /* Assets.xcassets */,
			);
			path = Application;
			sourceTree = "<group>";
		};
		5D91649A29BDB8A600AC00AC /* UI */ = {
			isa = PBXGroup;
			children = (
				5D91646129BDB5A600AC00AC /* SwiftUI_MVPByPokemonApp.swift */,
				5D91646329BDB5A600AC00AC /* ContentView.swift */,
			);
			path = UI;
			sourceTree = "<group>";
		};
/* End PBXGroup section */

/* Begin PBXNativeTarget section */
		5D91645D29BDB5A600AC00AC /* SwiftUI+MVPByPokemon */ = {
			isa = PBXNativeTarget;
			buildConfigurationList = 5D91648229BDB5A800AC00AC /* Build configuration list for PBXNativeTarget "SwiftUI+MVPByPokemon" */;
			buildPhases = (
				5D91645A29BDB5A600AC00AC /* Sources */,
				5D91645B29BDB5A600AC00AC /* Frameworks */,
				5D91645C29BDB5A600AC00AC /* Resources */,
			);
			buildRules = (
			);
			dependencies = (
			);
			name = "SwiftUI+MVPByPokemon";
			productName = "SwiftUI+MVPByPokemon";
			productReference = 5D91645E29BDB5A600AC00AC /* SwiftUI+MVPByPokemon.app */;
			productType = "com.apple.product-type.application";
		};
		5D91646D29BDB5A800AC00AC /* SwiftUI+MVPByPokemonTests */ = {
			isa = PBXNativeTarget;
			buildConfigurationList = 5D91648529BDB5A800AC00AC /* Build configuration list for PBXNativeTarget "SwiftUI+MVPByPokemonTests" */;
			buildPhases = (
				5D91646A29BDB5A800AC00AC /* Sources */,
				5D91646B29BDB5A800AC00AC /* Frameworks */,
				5D91646C29BDB5A800AC00AC /* Resources */,
			);
			buildRules = (
			);
			dependencies = (
				5D91647029BDB5A800AC00AC /* PBXTargetDependency */,
			);
			name = "SwiftUI+MVPByPokemonTests";
			productName = "SwiftUI+MVPByPokemonTests";
			productReference = 5D91646E29BDB5A800AC00AC /* SwiftUI+MVPByPokemonTests.xctest */;
			productType = "com.apple.product-type.bundle.unit-test";
		};
		5D91647729BDB5A800AC00AC /* SwiftUI+MVPByPokemonUITests */ = {
			isa = PBXNativeTarget;
			buildConfigurationList = 5D91648829BDB5A800AC00AC /* Build configuration list for PBXNativeTarget "SwiftUI+MVPByPokemonUITests" */;
			buildPhases = (
				5D91647429BDB5A800AC00AC /* Sources */,
				5D91647529BDB5A800AC00AC /* Frameworks */,
				5D91647629BDB5A800AC00AC /* Resources */,
			);
			buildRules = (
			);
			dependencies = (
				5D91647A29BDB5A800AC00AC /* PBXTargetDependency */,
			);
			name = "SwiftUI+MVPByPokemonUITests";
			productName = "SwiftUI+MVPByPokemonUITests";
			productReference = 5D91647829BDB5A800AC00AC /* SwiftUI+MVPByPokemonUITests.xctest */;
			productType = "com.apple.product-type.bundle.ui-testing";
		};
/* End PBXNativeTarget section */

/* Begin PBXProject section */
		5D91645629BDB5A600AC00AC /* Project object */ = {
			isa = PBXProject;
			attributes = {
				BuildIndependentTargetsInParallel = 1;
				LastSwiftUpdateCheck = 1400;
				LastUpgradeCheck = 1400;
				TargetAttributes = {
					5D91645D29BDB5A600AC00AC = {
						CreatedOnToolsVersion = 14.0;
					};
					5D91646D29BDB5A800AC00AC = {
						CreatedOnToolsVersion = 14.0;
						TestTargetID = 5D91645D29BDB5A600AC00AC;
					};
					5D91647729BDB5A800AC00AC = {
						CreatedOnToolsVersion = 14.0;
						TestTargetID = 5D91645D29BDB5A600AC00AC;
					};
				};
			};
			buildConfigurationList = 5D91645929BDB5A600AC00AC /* Build configuration list for PBXProject "SwiftUI+MVPByPokemon" */;
			compatibilityVersion = "Xcode 14.0";
			developmentRegion = en;
			hasScannedForEncodings = 0;
			knownRegions = (
				en,
				Base,
			);
			mainGroup = 5D91645529BDB5A600AC00AC;
			productRefGroup = 5D91645F29BDB5A600AC00AC /* Products */;
			projectDirPath = "";
			projectRoot = "";
			targets = (
				5D91645D29BDB5A600AC00AC /* SwiftUI+MVPByPokemon */,
				5D91646D29BDB5A800AC00AC /* SwiftUI+MVPByPokemonTests */,
				5D91647729BDB5A800AC00AC /* SwiftUI+MVPByPokemonUITests */,
			);
		};
/* End PBXProject section */

/* Begin PBXResourcesBuildPhase section */
		5D91645C29BDB5A600AC00AC /* Resources */ = {
			isa = PBXResourcesBuildPhase;
			buildActionMask = 2147483647;
			files = (
				5D91646929BDB5A800AC00AC /* Preview Assets.xcassets in Resources */,
				5D91646629BDB5A800AC00AC /* Assets.xcassets in Resources */,
			);
			runOnlyForDeploymentPostprocessing = 0;
		};
		5D91646C29BDB5A800AC00AC /* Resources */ = {
			isa = PBXResourcesBuildPhase;
			buildActionMask = 2147483647;
			files = (
			);
			runOnlyForDeploymentPostprocessing = 0;
		};
		5D91647629BDB5A800AC00AC /* Resources */ = {
			isa = PBXResourcesBuildPhase;
			buildActionMask = 2147483647;
			files = (
			);
			runOnlyForDeploymentPostprocessing = 0;
		};
/* End PBXResourcesBuildPhase section */

/* Begin PBXSourcesBuildPhase section */
		5D91645A29BDB5A600AC00AC /* Sources */ = {
			isa = PBXSourcesBuildPhase;
			buildActionMask = 2147483647;
			files = (
				5D91649429BDB73500AC00AC /* PokemonListDataStore.swift in Sources */,
				5D91649629BDB7D100AC00AC /* Pokemon.swift in Sources */,
				5D91646429BDB5A600AC00AC /* ContentView.swift in Sources */,
				5D91648F29BDB61900AC00AC /* PokemonListUseCase.swift in Sources */,
				5D91649229BDB63200AC00AC /* PokemonListPresenter.swift in Sources */,
				5D91646229BDB5A600AC00AC /* SwiftUI_MVPByPokemonApp.swift in Sources */,
			);
			runOnlyForDeploymentPostprocessing = 0;
		};
		5D91646A29BDB5A800AC00AC /* Sources */ = {
			isa = PBXSourcesBuildPhase;
			buildActionMask = 2147483647;
			files = (
				5D91647329BDB5A800AC00AC /* SwiftUI_MVPByPokemonTests.swift in Sources */,
			);
			runOnlyForDeploymentPostprocessing = 0;
		};
		5D91647429BDB5A800AC00AC /* Sources */ = {
			isa = PBXSourcesBuildPhase;
			buildActionMask = 2147483647;
			files = (
				5D91647D29BDB5A800AC00AC /* SwiftUI_MVPByPokemonUITests.swift in Sources */,
				5D91647F29BDB5A800AC00AC /* SwiftUI_MVPByPokemonUITestsLaunchTests.swift in Sources */,
			);
			runOnlyForDeploymentPostprocessing = 0;
		};
/* End PBXSourcesBuildPhase section */

/* Begin PBXTargetDependency section */
		5D91647029BDB5A800AC00AC /* PBXTargetDependency */ = {
			isa = PBXTargetDependency;
			target = 5D91645D29BDB5A600AC00AC /* SwiftUI+MVPByPokemon */;
			targetProxy = 5D91646F29BDB5A800AC00AC /* PBXContainerItemProxy */;
		};
		5D91647A29BDB5A800AC00AC /* PBXTargetDependency */ = {
			isa = PBXTargetDependency;
			target = 5D91645D29BDB5A600AC00AC /* SwiftUI+MVPByPokemon */;
			targetProxy = 5D91647929BDB5A800AC00AC /* PBXContainerItemProxy */;
		};
/* End PBXTargetDependency section */

/* Begin XCBuildConfiguration section */
		5D91648029BDB5A800AC00AC /* Debug */ = {
			isa = XCBuildConfiguration;
			buildSettings = {
				ALWAYS_SEARCH_USER_PATHS = NO;
				CLANG_ANALYZER_NONNULL = YES;
				CLANG_ANALYZER_NUMBER_OBJECT_CONVERSION = YES_AGGRESSIVE;
				CLANG_CXX_LANGUAGE_STANDARD = "gnu++20";
				CLANG_ENABLE_MODULES = YES;
				CLANG_ENABLE_OBJC_ARC = YES;
				CLANG_ENABLE_OBJC_WEAK = YES;
				CLANG_WARN_BLOCK_CAPTURE_AUTORELEASING = YES;
				CLANG_WARN_BOOL_CONVERSION = YES;
				CLANG_WARN_COMMA = YES;
				CLANG_WARN_CONSTANT_CONVERSION = YES;
				CLANG_WARN_DEPRECATED_OBJC_IMPLEMENTATIONS = YES;
				CLANG_WARN_DIRECT_OBJC_ISA_USAGE = YES_ERROR;
				CLANG_WARN_DOCUMENTATION_COMMENTS = YES;
				CLANG_WARN_EMPTY_BODY = YES;
				CLANG_WARN_ENUM_CONVERSION = YES;
				CLANG_WARN_INFINITE_RECURSION = YES;
				CLANG_WARN_INT_CONVERSION = YES;
				CLANG_WARN_NON_LITERAL_NULL_CONVERSION = YES;
				CLANG_WARN_OBJC_IMPLICIT_RETAIN_SELF = YES;
				CLANG_WARN_OBJC_LITERAL_CONVERSION = YES;
				CLANG_WARN_OBJC_ROOT_CLASS = YES_ERROR;
				CLANG_WARN_QUOTED_INCLUDE_IN_FRAMEWORK_HEADER = YES;
				CLANG_WARN_RANGE_LOOP_ANALYSIS = YES;
				CLANG_WARN_STRICT_PROTOTYPES = YES;
				CLANG_WARN_SUSPICIOUS_MOVE = YES;
				CLANG_WARN_UNGUARDED_AVAILABILITY = YES_AGGRESSIVE;
				CLANG_WARN_UNREACHABLE_CODE = YES;
				CLANG_WARN__DUPLICATE_METHOD_MATCH = YES;
				COPY_PHASE_STRIP = NO;
				DEBUG_INFORMATION_FORMAT = dwarf;
				ENABLE_STRICT_OBJC_MSGSEND = YES;
				ENABLE_TESTABILITY = YES;
				GCC_C_LANGUAGE_STANDARD = gnu11;
				GCC_DYNAMIC_NO_PIC = NO;
				GCC_NO_COMMON_BLOCKS = YES;
				GCC_OPTIMIZATION_LEVEL = 0;
				GCC_PREPROCESSOR_DEFINITIONS = (
					"DEBUG=1",
					"$(inherited)",
				);
				GCC_WARN_64_TO_32_BIT_CONVERSION = YES;
				GCC_WARN_ABOUT_RETURN_TYPE = YES_ERROR;
				GCC_WARN_UNDECLARED_SELECTOR = YES;
				GCC_WARN_UNINITIALIZED_AUTOS = YES_AGGRESSIVE;
				GCC_WARN_UNUSED_FUNCTION = YES;
				GCC_WARN_UNUSED_VARIABLE = YES;
				IPHONEOS_DEPLOYMENT_TARGET = 16.0;
				MTL_ENABLE_DEBUG_INFO = INCLUDE_SOURCE;
				MTL_FAST_MATH = YES;
				ONLY_ACTIVE_ARCH = YES;
				SDKROOT = iphoneos;
				SWIFT_ACTIVE_COMPILATION_CONDITIONS = DEBUG;
				SWIFT_OPTIMIZATION_LEVEL = "-Onone";
			};
			name = Debug;
		};
		5D91648129BDB5A800AC00AC /* Release */ = {
			isa = XCBuildConfiguration;
			buildSettings = {
				ALWAYS_SEARCH_USER_PATHS = NO;
				CLANG_ANALYZER_NONNULL = YES;
				CLANG_ANALYZER_NUMBER_OBJECT_CONVERSION = YES_AGGRESSIVE;
				CLANG_CXX_LANGUAGE_STANDARD = "gnu++20";
				CLANG_ENABLE_MODULES = YES;
				CLANG_ENABLE_OBJC_ARC = YES;
				CLANG_ENABLE_OBJC_WEAK = YES;
				CLANG_WARN_BLOCK_CAPTURE_AUTORELEASING = YES;
				CLANG_WARN_BOOL_CONVERSION = YES;
				CLANG_WARN_COMMA = YES;
				CLANG_WARN_CONSTANT_CONVERSION = YES;
				CLANG_WARN_DEPRECATED_OBJC_IMPLEMENTATIONS = YES;
				CLANG_WARN_DIRECT_OBJC_ISA_USAGE = YES_ERROR;
				CLANG_WARN_DOCUMENTATION_COMMENTS = YES;
				CLANG_WARN_EMPTY_BODY = YES;
				CLANG_WARN_ENUM_CONVERSION = YES;
				CLANG_WARN_INFINITE_RECURSION = YES;
				CLANG_WARN_INT_CONVERSION = YES;
				CLANG_WARN_NON_LITERAL_NULL_CONVERSION = YES;
				CLANG_WARN_OBJC_IMPLICIT_RETAIN_SELF = YES;
				CLANG_WARN_OBJC_LITERAL_CONVERSION = YES;
				CLANG_WARN_OBJC_ROOT_CLASS = YES_ERROR;
				CLANG_WARN_QUOTED_INCLUDE_IN_FRAMEWORK_HEADER = YES;
				CLANG_WARN_RANGE_LOOP_ANALYSIS = YES;
				CLANG_WARN_STRICT_PROTOTYPES = YES;
				CLANG_WARN_SUSPICIOUS_MOVE = YES;
				CLANG_WARN_UNGUARDED_AVAILABILITY = YES_AGGRESSIVE;
				CLANG_WARN_UNREACHABLE_CODE = YES;
				CLANG_WARN__DUPLICATE_METHOD_MATCH = YES;
				COPY_PHASE_STRIP = NO;
				DEBUG_INFORMATION_FORMAT = "dwarf-with-dsym";
				ENABLE_NS_ASSERTIONS = NO;
				ENABLE_STRICT_OBJC_MSGSEND = YES;
				GCC_C_LANGUAGE_STANDARD = gnu11;
				GCC_NO_COMMON_BLOCKS = YES;
				GCC_WARN_64_TO_32_BIT_CONVERSION = YES;
				GCC_WARN_ABOUT_RETURN_TYPE = YES_ERROR;
				GCC_WARN_UNDECLARED_SELECTOR = YES;
				GCC_WARN_UNINITIALIZED_AUTOS = YES_AGGRESSIVE;
				GCC_WARN_UNUSED_FUNCTION = YES;
				GCC_WARN_UNUSED_VARIABLE = YES;
				IPHONEOS_DEPLOYMENT_TARGET = 16.0;
				MTL_ENABLE_DEBUG_INFO = NO;
				MTL_FAST_MATH = YES;
				SDKROOT = iphoneos;
				SWIFT_COMPILATION_MODE = wholemodule;
				SWIFT_OPTIMIZATION_LEVEL = "-O";
				VALIDATE_PRODUCT = YES;
			};
			name = Release;
		};
		5D91648329BDB5A800AC00AC /* Debug */ = {
			isa = XCBuildConfiguration;
			buildSettings = {
				ASSETCATALOG_COMPILER_APPICON_NAME = AppIcon;
				ASSETCATALOG_COMPILER_GLOBAL_ACCENT_COLOR_NAME = AccentColor;
				CODE_SIGN_STYLE = Automatic;
				CURRENT_PROJECT_VERSION = 1;
				DEVELOPMENT_ASSET_PATHS = "\"SwiftUI+MVPByPokemon/Preview Content\"";
				DEVELOPMENT_TEAM = XP8M87ULF2;
				ENABLE_PREVIEWS = YES;
				GENERATE_INFOPLIST_FILE = YES;
				INFOPLIST_KEY_UIApplicationSceneManifest_Generation = YES;
				INFOPLIST_KEY_UIApplicationSupportsIndirectInputEvents = YES;
				INFOPLIST_KEY_UILaunchScreen_Generation = YES;
				INFOPLIST_KEY_UISupportedInterfaceOrientations_iPad = "UIInterfaceOrientationPortrait UIInterfaceOrientationPortraitUpsideDown UIInterfaceOrientationLandscapeLeft UIInterfaceOrientationLandscapeRight";
				INFOPLIST_KEY_UISupportedInterfaceOrientations_iPhone = "UIInterfaceOrientationPortrait UIInterfaceOrientationLandscapeLeft UIInterfaceOrientationLandscapeRight";
				LD_RUNPATH_SEARCH_PATHS = (
					"$(inherited)",
					"@executable_path/Frameworks",
				);
				MARKETING_VERSION = 1.0;
				PRODUCT_BUNDLE_IDENTIFIER = "com.shohiiiiiii.SwiftUI-MVPByPokemon";
				PRODUCT_NAME = "$(TARGET_NAME)";
				SWIFT_EMIT_LOC_STRINGS = YES;
				SWIFT_VERSION = 5.0;
				TARGETED_DEVICE_FAMILY = "1,2";
			};
			name = Debug;
		};
		5D91648429BDB5A800AC00AC /* Release */ = {
			isa = XCBuildConfiguration;
			buildSettings = {
				ASSETCATALOG_COMPILER_APPICON_NAME = AppIcon;
				ASSETCATALOG_COMPILER_GLOBAL_ACCENT_COLOR_NAME = AccentColor;
				CODE_SIGN_STYLE = Automatic;
				CURRENT_PROJECT_VERSION = 1;
				DEVELOPMENT_ASSET_PATHS = "\"SwiftUI+MVPByPokemon/Preview Content\"";
				DEVELOPMENT_TEAM = XP8M87ULF2;
				ENABLE_PREVIEWS = YES;
				GENERATE_INFOPLIST_FILE = YES;
				INFOPLIST_KEY_UIApplicationSceneManifest_Generation = YES;
				INFOPLIST_KEY_UIApplicationSupportsIndirectInputEvents = YES;
				INFOPLIST_KEY_UILaunchScreen_Generation = YES;
				INFOPLIST_KEY_UISupportedInterfaceOrientations_iPad = "UIInterfaceOrientationPortrait UIInterfaceOrientationPortraitUpsideDown UIInterfaceOrientationLandscapeLeft UIInterfaceOrientationLandscapeRight";
				INFOPLIST_KEY_UISupportedInterfaceOrientations_iPhone = "UIInterfaceOrientationPortrait UIInterfaceOrientationLandscapeLeft UIInterfaceOrientationLandscapeRight";
				LD_RUNPATH_SEARCH_PATHS = (
					"$(inherited)",
					"@executable_path/Frameworks",
				);
				MARKETING_VERSION = 1.0;
				PRODUCT_BUNDLE_IDENTIFIER = "com.shohiiiiiii.SwiftUI-MVPByPokemon";
				PRODUCT_NAME = "$(TARGET_NAME)";
				SWIFT_EMIT_LOC_STRINGS = YES;
				SWIFT_VERSION = 5.0;
				TARGETED_DEVICE_FAMILY = "1,2";
			};
			name = Release;
		};
		5D91648629BDB5A800AC00AC /* Debug */ = {
			isa = XCBuildConfiguration;
			buildSettings = {
				ALWAYS_EMBED_SWIFT_STANDARD_LIBRARIES = YES;
				BUNDLE_LOADER = "$(TEST_HOST)";
				CODE_SIGN_STYLE = Automatic;
				CURRENT_PROJECT_VERSION = 1;
				DEVELOPMENT_TEAM = XP8M87ULF2;
				GENERATE_INFOPLIST_FILE = YES;
				IPHONEOS_DEPLOYMENT_TARGET = 16.0;
				MARKETING_VERSION = 1.0;
				PRODUCT_BUNDLE_IDENTIFIER = "com.shohiiiiiii.SwiftUI-MVPByPokemonTests";
				PRODUCT_NAME = "$(TARGET_NAME)";
				SWIFT_EMIT_LOC_STRINGS = NO;
				SWIFT_VERSION = 5.0;
				TARGETED_DEVICE_FAMILY = "1,2";
				TEST_HOST = "$(BUILT_PRODUCTS_DIR)/SwiftUI+MVPByPokemon.app/$(BUNDLE_EXECUTABLE_FOLDER_PATH)/SwiftUI+MVPByPokemon";
			};
			name = Debug;
		};
		5D91648729BDB5A800AC00AC /* Release */ = {
			isa = XCBuildConfiguration;
			buildSettings = {
				ALWAYS_EMBED_SWIFT_STANDARD_LIBRARIES = YES;
				BUNDLE_LOADER = "$(TEST_HOST)";
				CODE_SIGN_STYLE = Automatic;
				CURRENT_PROJECT_VERSION = 1;
				DEVELOPMENT_TEAM = XP8M87ULF2;
				GENERATE_INFOPLIST_FILE = YES;
				IPHONEOS_DEPLOYMENT_TARGET = 16.0;
				MARKETING_VERSION = 1.0;
				PRODUCT_BUNDLE_IDENTIFIER = "com.shohiiiiiii.SwiftUI-MVPByPokemonTests";
				PRODUCT_NAME = "$(TARGET_NAME)";
				SWIFT_EMIT_LOC_STRINGS = NO;
				SWIFT_VERSION = 5.0;
				TARGETED_DEVICE_FAMILY = "1,2";
				TEST_HOST = "$(BUILT_PRODUCTS_DIR)/SwiftUI+MVPByPokemon.app/$(BUNDLE_EXECUTABLE_FOLDER_PATH)/SwiftUI+MVPByPokemon";
			};
			name = Release;
		};
		5D91648929BDB5A800AC00AC /* Debug */ = {
			isa = XCBuildConfiguration;
			buildSettings = {
				ALWAYS_EMBED_SWIFT_STANDARD_LIBRARIES = YES;
				CODE_SIGN_STYLE = Automatic;
				CURRENT_PROJECT_VERSION = 1;
				DEVELOPMENT_TEAM = XP8M87ULF2;
				GENERATE_INFOPLIST_FILE = YES;
				MARKETING_VERSION = 1.0;
				PRODUCT_BUNDLE_IDENTIFIER = "com.shohiiiiiii.SwiftUI-MVPByPokemonUITests";
				PRODUCT_NAME = "$(TARGET_NAME)";
				SWIFT_EMIT_LOC_STRINGS = NO;
				SWIFT_VERSION = 5.0;
				TARGETED_DEVICE_FAMILY = "1,2";
				TEST_TARGET_NAME = "SwiftUI+MVPByPokemon";
			};
			name = Debug;
		};
		5D91648A29BDB5A800AC00AC /* Release */ = {
			isa = XCBuildConfiguration;
			buildSettings = {
				ALWAYS_EMBED_SWIFT_STANDARD_LIBRARIES = YES;
				CODE_SIGN_STYLE = Automatic;
				CURRENT_PROJECT_VERSION = 1;
				DEVELOPMENT_TEAM = XP8M87ULF2;
				GENERATE_INFOPLIST_FILE = YES;
				MARKETING_VERSION = 1.0;
				PRODUCT_BUNDLE_IDENTIFIER = "com.shohiiiiiii.SwiftUI-MVPByPokemonUITests";
				PRODUCT_NAME = "$(TARGET_NAME)";
				SWIFT_EMIT_LOC_STRINGS = NO;
				SWIFT_VERSION = 5.0;
				TARGETED_DEVICE_FAMILY = "1,2";
				TEST_TARGET_NAME = "SwiftUI+MVPByPokemon";
			};
			name = Release;
		};
/* End XCBuildConfiguration section */

/* Begin XCConfigurationList section */
		5D91645929BDB5A600AC00AC /* Build configuration list for PBXProject "SwiftUI+MVPByPokemon" */ = {
			isa = XCConfigurationList;
			buildConfigurations = (
				5D91648029BDB5A800AC00AC /* Debug */,
				5D91648129BDB5A800AC00AC /* Release */,
			);
			defaultConfigurationIsVisible = 0;
			defaultConfigurationName = Release;
		};
		5D91648229BDB5A800AC00AC /* Build configuration list for PBXNativeTarget "SwiftUI+MVPByPokemon" */ = {
			isa = XCConfigurationList;
			buildConfigurations = (
				5D91648329BDB5A800AC00AC /* Debug */,
				5D91648429BDB5A800AC00AC /* Release */,
			);
			defaultConfigurationIsVisible = 0;
			defaultConfigurationName = Release;
		};
		5D91648529BDB5A800AC00AC /* Build configuration list for PBXNativeTarget "SwiftUI+MVPByPokemonTests" */ = {
			isa = XCConfigurationList;
			buildConfigurations = (
				5D91648629BDB5A800AC00AC /* Debug */,
				5D91648729BDB5A800AC00AC /* Release */,
			);
			defaultConfigurationIsVisible = 0;
			defaultConfigurationName = Release;
		};
		5D91648829BDB5A800AC00AC /* Build configuration list for PBXNativeTarget "SwiftUI+MVPByPokemonUITests" */ = {
			isa = XCConfigurationList;
			buildConfigurations = (
				5D91648929BDB5A800AC00AC /* Debug */,
				5D91648A29BDB5A800AC00AC /* Release */,
			);
			defaultConfigurationIsVisible = 0;
			defaultConfigurationName = Release;
		};
/* End XCConfigurationList section */
	};
	rootObject = 5D91645629BDB5A600AC00AC /* Project object */;
}
